
Microsoft Visual Studio Solution File, Format Version 12.00
# Visual Studio Version 17
VisualStudioVersion = 17.11.35219.272
MinimumVisualStudioVersion = 10.0.40219.1
Project("{8BC9CEB8-8B4A-11D0-8D11-00A0C91BC942}") = "prog 2 eksamen konte 2023", "prog 2 eksamen konte 2023\prog 2 eksamen konte 2023.vcxproj", "{279452C6-2FFF-4F2B-8C90-DB63314B246D}"
EndProject
Global
	GlobalSection(SolutionConfigurationPlatforms) = preSolution
		Debug|x64 = Debug|x64
		Debug|x86 = Debug|x86
		Release|x64 = Release|x64
		Release|x86 = Release|x86
	EndGlobalSection
	GlobalSection(ProjectConfigurationPlatforms) = postSolution
		{279452C6-2FFF-4F2B-8C90-DB63314B246D}.Debug|x64.ActiveCfg = Debug|x64
		{279452C6-2FFF-4F2B-8C90-DB63314B246D}.Debug|x64.Build.0 = Debug|x64
		{279452C6-2FFF-4F2B-8C90-DB63314B246D}.Debug|x86.ActiveCfg = Debug|Win32
		{279452C6-2FFF-4F2B-8C90-DB63314B246D}.Debug|x86.Build.0 = Debug|Win32
		{279452C6-2FFF-4F2B-8C90-DB63314B246D}.Release|x64.ActiveCfg = Release|x64
		{279452C6-2FFF-4F2B-8C90-DB63314B246D}.Release|x64.Build.0 = Release|x64
		{279452C6-2FFF-4F2B-8C90-DB63314B246D}.Release|x86.ActiveCfg = Release|Win32
		{279452C6-2FFF-4F2B-8C90-DB63314B246D}.Release|x86.Build.0 = Release|Win32
	EndGlobalSection
	GlobalSection(SolutionProperties) = preSolution
		HideSolutionNode = FALSE
	EndGlobalSection
	GlobalSection(ExtensibilityGlobals) = postSolution
		SolutionGuid = {616B9BC2-A719-4FE0-9220-146C854AC602}
	EndGlobalSection
EndGlobal
